{
  "version": 4,
  "terraform_version": "1.5.4",
  "serial": 17,
  "lineage": "a9a7e28d-8784-661a-ca08-5295e35d628b",
  "outputs": {},
  "resources": [
    {
      "mode": "managed",
      "type": "google_compute_backend_service",
      "name": "app_engine_backend_service",
      "provider": "provider[\"registry.terraform.io/hashicorp/google\"]",
      "instances": [
        {
          "schema_version": 1,
          "attributes": {
            "affinity_cookie_ttl_sec": 0,
            "backend": [],
            "cdn_policy": [],
            "circuit_breakers": [],
            "compression_mode": "",
            "connection_draining_timeout_sec": 300,
            "consistent_hash": [],
            "creation_timestamp": "2023-08-10T11:31:48.274-07:00",
            "custom_request_headers": [
              "Host: webapp-deploy-395414.ew.r.appspot.com"
            ],
            "custom_response_headers": null,
            "description": "",
            "edge_security_policy": "",
            "enable_cdn": false,
            "fingerprint": "iqwOiB7SLdE=",
            "generated_id": 499623210685862907,
            "health_checks": [
              "https://www.googleapis.com/compute/v1/projects/webapp-deploy-395414/global/healthChecks/app-engine-health-check"
            ],
            "iap": [],
            "id": "projects/webapp-deploy-395414/global/backendServices/app-engine-backend-service",
            "load_balancing_scheme": "EXTERNAL",
            "locality_lb_policies": [],
            "locality_lb_policy": "",
            "log_config": [],
            "name": "app-engine-backend-service",
            "outlier_detection": [],
            "port_name": "http",
            "project": "webapp-deploy-395414",
            "protocol": "HTTP",
            "security_policy": "",
            "security_settings": [],
            "self_link": "https://www.googleapis.com/compute/v1/projects/webapp-deploy-395414/global/backendServices/app-engine-backend-service",
            "session_affinity": "NONE",
            "timeout_sec": 30,
            "timeouts": null
          },
          "sensitive_attributes": [],
          "private": "eyJlMmJmYjczMC1lY2FhLTExZTYtOGY4OC0zNDM2M2JjN2M0YzAiOnsiY3JlYXRlIjoxMjAwMDAwMDAwMDAwLCJkZWxldGUiOjEyMDAwMDAwMDAwMDAsInVwZGF0ZSI6MTIwMDAwMDAwMDAwMH0sInNjaGVtYV92ZXJzaW9uIjoiMSJ9",
          "dependencies": [
            "google_compute_health_check.app_engine_health_check"
          ]
        }
      ]
    },
    {
      "mode": "managed",
      "type": "google_compute_firewall",
      "name": "jenkins_firewall",
      "provider": "provider[\"registry.terraform.io/hashicorp/google\"]",
      "instances": [
        {
          "schema_version": 1,
          "attributes": {
            "allow": [
              {
                "ports": [
                  "8080"
                ],
                "protocol": "tcp"
              }
            ],
            "creation_timestamp": "2023-08-10T11:31:47.089-07:00",
            "deny": [],
            "description": "",
            "destination_ranges": [],
            "direction": "INGRESS",
            "disabled": false,
            "enable_logging": null,
            "id": "projects/webapp-deploy-395414/global/firewalls/jenkins-firewall",
            "log_config": [],
            "name": "jenkins-firewall",
            "network": "https://www.googleapis.com/compute/v1/projects/webapp-deploy-395414/global/networks/default",
            "priority": 1000,
            "project": "webapp-deploy-395414",
            "self_link": "https://www.googleapis.com/compute/v1/projects/webapp-deploy-395414/global/firewalls/jenkins-firewall",
            "source_ranges": [
              "0.0.0.0/0"
            ],
            "source_service_accounts": null,
            "source_tags": null,
            "target_service_accounts": null,
            "target_tags": [
              "http-server",
              "https-server"
            ],
            "timeouts": null
          },
          "sensitive_attributes": [],
          "private": "eyJlMmJmYjczMC1lY2FhLTExZTYtOGY4OC0zNDM2M2JjN2M0YzAiOnsiY3JlYXRlIjoxMjAwMDAwMDAwMDAwLCJkZWxldGUiOjEyMDAwMDAwMDAwMDAsInVwZGF0ZSI6MTIwMDAwMDAwMDAwMH0sInNjaGVtYV92ZXJzaW9uIjoiMSJ9",
          "dependencies": [
            "google_compute_instance.jenkins_vm"
          ]
        }
      ]
    },
    {
      "mode": "managed",
      "type": "google_compute_global_forwarding_rule",
      "name": "app_engine_forwarding_rule",
      "provider": "provider[\"registry.terraform.io/hashicorp/google\"]",
      "instances": [
        {
          "schema_version": 0,
          "attributes": {
            "base_forwarding_rule": "",
            "description": "",
            "id": "projects/webapp-deploy-395414/global/forwardingRules/app-engine-forwarding-rule",
            "ip_address": "34.149.108.47",
            "ip_protocol": "TCP",
            "ip_version": "",
            "label_fingerprint": "42WmSpB8rSM=",
            "labels": null,
            "load_balancing_scheme": "EXTERNAL",
            "metadata_filters": [],
            "name": "app-engine-forwarding-rule",
            "network": "",
            "no_automate_dns_zone": null,
            "port_range": "80-80",
            "project": "webapp-deploy-395414",
            "psc_connection_id": "",
            "psc_connection_status": "",
            "self_link": "https://www.googleapis.com/compute/v1/projects/webapp-deploy-395414/global/forwardingRules/app-engine-forwarding-rule",
            "source_ip_ranges": null,
            "target": "https://www.googleapis.com/compute/v1/projects/webapp-deploy-395414/global/targetHttpProxies/app-engine-proxy",
            "timeouts": null
          },
          "sensitive_attributes": [],
          "private": "eyJlMmJmYjczMC1lY2FhLTExZTYtOGY4OC0zNDM2M2JjN2M0YzAiOnsiY3JlYXRlIjoxMjAwMDAwMDAwMDAwLCJkZWxldGUiOjEyMDAwMDAwMDAwMDAsInVwZGF0ZSI6MTIwMDAwMDAwMDAwMH19",
          "dependencies": [
            "google_compute_backend_service.app_engine_backend_service",
            "google_compute_health_check.app_engine_health_check",
            "google_compute_target_http_proxy.app_engine_proxy",
            "google_compute_url_map.app_engine_url_map"
          ]
        }
      ]
    },
    {
      "mode": "managed",
      "type": "google_compute_health_check",
      "name": "app_engine_health_check",
      "provider": "provider[\"registry.terraform.io/hashicorp/google\"]",
      "instances": [
        {
          "schema_version": 0,
          "attributes": {
            "check_interval_sec": 5,
            "creation_timestamp": "2023-08-10T11:31:34.373-07:00",
            "description": "",
            "grpc_health_check": [],
            "healthy_threshold": 2,
            "http2_health_check": [],
            "http_health_check": [],
            "https_health_check": [],
            "id": "projects/webapp-deploy-395414/global/healthChecks/app-engine-health-check",
            "log_config": [
              {
                "enable": false
              }
            ],
            "name": "app-engine-health-check",
            "project": "webapp-deploy-395414",
            "self_link": "https://www.googleapis.com/compute/v1/projects/webapp-deploy-395414/global/healthChecks/app-engine-health-check",
            "ssl_health_check": [],
            "tcp_health_check": [
              {
                "port": 8080,
                "port_name": "",
                "port_specification": "",
                "proxy_header": "NONE",
                "request": "",
                "response": ""
              }
            ],
            "timeout_sec": 5,
            "timeouts": null,
            "type": "TCP",
            "unhealthy_threshold": 2
          },
          "sensitive_attributes": [],
          "private": "eyJlMmJmYjczMC1lY2FhLTExZTYtOGY4OC0zNDM2M2JjN2M0YzAiOnsiY3JlYXRlIjoxMjAwMDAwMDAwMDAwLCJkZWxldGUiOjEyMDAwMDAwMDAwMDAsInVwZGF0ZSI6MTIwMDAwMDAwMDAwMH19"
        }
      ]
    },
    {
      "mode": "managed",
      "type": "google_compute_instance",
      "name": "jenkins_vm",
      "provider": "provider[\"registry.terraform.io/hashicorp/google\"]",
      "instances": [
        {
          "schema_version": 6,
          "attributes": {
            "advanced_machine_features": [],
            "allow_stopping_for_update": null,
            "attached_disk": [],
            "boot_disk": [
              {
                "auto_delete": true,
                "device_name": "persistent-disk-0",
                "disk_encryption_key_raw": "",
                "disk_encryption_key_sha256": "",
                "initialize_params": [
                  {
                    "image": "https://www.googleapis.com/compute/v1/projects/ubuntu-os-cloud/global/images/ubuntu-2004-focal-v20230724",
                    "labels": {},
                    "resource_manager_tags": null,
                    "size": 10,
                    "type": "pd-standard"
                  }
                ],
                "kms_key_self_link": "",
                "mode": "READ_WRITE",
                "source": "https://www.googleapis.com/compute/v1/projects/webapp-deploy-395414/zones/europe-west1-b/disks/jenkins-instance"
              }
            ],
            "can_ip_forward": false,
            "confidential_instance_config": [],
            "cpu_platform": "Intel Haswell",
            "current_status": "RUNNING",
            "deletion_protection": false,
            "description": "",
            "desired_status": null,
            "enable_display": false,
            "guest_accelerator": [],
            "hostname": "",
            "id": "projects/webapp-deploy-395414/zones/europe-west1-b/instances/jenkins-instance",
            "instance_id": "491220639747183592",
            "label_fingerprint": "42WmSpB8rSM=",
            "labels": null,
            "machine_type": "n1-standard-1",
            "metadata": null,
            "metadata_fingerprint": "yPbkguXkI0A=",
            "metadata_startup_script": "#!/bin/bash\r\nsudo apt-get update\r\nsudo apt-get install -y default-jre\r\n\r\nwget -q -O - https://pkg.jenkins.io/debian/jenkins.io.key | sudo apt-key add -\r\nsudo sh -c 'echo deb http://pkg.jenkins.io/debian-stable binary/ \u003e /etc/apt/sources.list.d/jenkins.list'\r\n\r\nsudo apt-get update\r\nsudo apt-get install -y jenkins\r\n",
            "min_cpu_platform": "",
            "name": "jenkins-instance",
            "network_interface": [
              {
                "access_config": [
                  {
                    "nat_ip": "34.22.208.247",
                    "network_tier": "PREMIUM",
                    "public_ptr_domain_name": ""
                  }
                ],
                "alias_ip_range": [],
                "ipv6_access_config": [],
                "ipv6_access_type": "",
                "name": "nic0",
                "network": "https://www.googleapis.com/compute/v1/projects/webapp-deploy-395414/global/networks/default",
                "network_ip": "10.132.0.6",
                "nic_type": "",
                "queue_count": 0,
                "stack_type": "IPV4_ONLY",
                "subnetwork": "https://www.googleapis.com/compute/v1/projects/webapp-deploy-395414/regions/europe-west1/subnetworks/default",
                "subnetwork_project": "webapp-deploy-395414"
              }
            ],
            "network_performance_config": [],
            "params": [],
            "project": "webapp-deploy-395414",
            "reservation_affinity": [],
            "resource_policies": null,
            "scheduling": [
              {
                "automatic_restart": true,
                "instance_termination_action": "",
                "local_ssd_recovery_timeout": [],
                "min_node_cpus": 0,
                "node_affinities": [],
                "on_host_maintenance": "MIGRATE",
                "preemptible": false,
                "provisioning_model": "STANDARD"
              }
            ],
            "scratch_disk": [],
            "self_link": "https://www.googleapis.com/compute/v1/projects/webapp-deploy-395414/zones/europe-west1-b/instances/jenkins-instance",
            "service_account": [],
            "shielded_instance_config": [
              {
                "enable_integrity_monitoring": true,
                "enable_secure_boot": false,
                "enable_vtpm": true
              }
            ],
            "tags": [
              "http-server",
              "https-server"
            ],
            "tags_fingerprint": "6smc4R4d39I=",
            "timeouts": null,
            "zone": "europe-west1-b"
          },
          "sensitive_attributes": [],
          "private": "eyJlMmJmYjczMC1lY2FhLTExZTYtOGY4OC0zNDM2M2JjN2M0YzAiOnsiY3JlYXRlIjoxMjAwMDAwMDAwMDAwLCJkZWxldGUiOjEyMDAwMDAwMDAwMDAsInVwZGF0ZSI6MTIwMDAwMDAwMDAwMH0sInNjaGVtYV92ZXJzaW9uIjoiNiJ9"
        }
      ]
    },
    {
      "mode": "managed",
      "type": "google_compute_network",
      "name": "vpc_network",
      "provider": "provider[\"registry.terraform.io/hashicorp/google\"]",
      "instances": [
        {
          "schema_version": 0,
          "attributes": {
            "auto_create_subnetworks": true,
            "delete_default_routes_on_create": false,
            "description": "",
            "enable_ula_internal_ipv6": false,
            "gateway_ipv4": "",
            "id": "projects/webapp-deploy-395414/global/networks/vpc-network",
            "internal_ipv6_range": "",
            "mtu": 0,
            "name": "vpc-network",
            "network_firewall_policy_enforcement_order": "AFTER_CLASSIC_FIREWALL",
            "project": "webapp-deploy-395414",
            "routing_mode": "REGIONAL",
            "self_link": "https://www.googleapis.com/compute/v1/projects/webapp-deploy-395414/global/networks/vpc-network",
            "timeouts": null
          },
          "sensitive_attributes": [],
          "private": "eyJlMmJmYjczMC1lY2FhLTExZTYtOGY4OC0zNDM2M2JjN2M0YzAiOnsiY3JlYXRlIjoxMjAwMDAwMDAwMDAwLCJkZWxldGUiOjEyMDAwMDAwMDAwMDAsInVwZGF0ZSI6MTIwMDAwMDAwMDAwMH19"
        }
      ]
    },
    {
      "mode": "managed",
      "type": "google_compute_subnetwork",
      "name": "app_engine_subnet",
      "provider": "provider[\"registry.terraform.io/hashicorp/google\"]",
      "instances": [
        {
          "schema_version": 0,
          "attributes": {
            "creation_timestamp": "2023-08-10T11:32:28.597-07:00",
            "description": "",
            "external_ipv6_prefix": "",
            "fingerprint": null,
            "gateway_address": "10.0.3.1",
            "id": "projects/webapp-deploy-395414/regions/europe-west1/subnetworks/app-engine-subnet",
            "ip_cidr_range": "10.0.3.0/24",
            "ipv6_access_type": "",
            "ipv6_cidr_range": "",
            "log_config": [],
            "name": "app-engine-subnet",
            "network": "https://www.googleapis.com/compute/v1/projects/webapp-deploy-395414/global/networks/vpc-network",
            "private_ip_google_access": false,
            "private_ipv6_google_access": "DISABLE_GOOGLE_ACCESS",
            "project": "webapp-deploy-395414",
            "purpose": "PRIVATE",
            "region": "europe-west1",
            "role": "",
            "secondary_ip_range": [],
            "self_link": "https://www.googleapis.com/compute/v1/projects/webapp-deploy-395414/regions/europe-west1/subnetworks/app-engine-subnet",
            "stack_type": "IPV4_ONLY",
            "timeouts": null
          },
          "sensitive_attributes": [],
          "private": "eyJlMmJmYjczMC1lY2FhLTExZTYtOGY4OC0zNDM2M2JjN2M0YzAiOnsiY3JlYXRlIjoxMjAwMDAwMDAwMDAwLCJkZWxldGUiOjEyMDAwMDAwMDAwMDAsInVwZGF0ZSI6MTIwMDAwMDAwMDAwMH19",
          "dependencies": [
            "google_compute_network.vpc_network"
          ]
        }
      ]
    },
    {
      "mode": "managed",
      "type": "google_compute_subnetwork",
      "name": "subnet_1",
      "provider": "provider[\"registry.terraform.io/hashicorp/google\"]",
      "instances": [
        {
          "schema_version": 0,
          "attributes": {
            "creation_timestamp": "2023-08-10T11:32:28.553-07:00",
            "description": "",
            "external_ipv6_prefix": "",
            "fingerprint": null,
            "gateway_address": "10.0.1.1",
            "id": "projects/webapp-deploy-395414/regions/europe-west1/subnetworks/subnet-1",
            "ip_cidr_range": "10.0.1.0/24",
            "ipv6_access_type": "",
            "ipv6_cidr_range": "",
            "log_config": [],
            "name": "subnet-1",
            "network": "https://www.googleapis.com/compute/v1/projects/webapp-deploy-395414/global/networks/vpc-network",
            "private_ip_google_access": false,
            "private_ipv6_google_access": "DISABLE_GOOGLE_ACCESS",
            "project": "webapp-deploy-395414",
            "purpose": "PRIVATE",
            "region": "europe-west1",
            "role": "",
            "secondary_ip_range": [],
            "self_link": "https://www.googleapis.com/compute/v1/projects/webapp-deploy-395414/regions/europe-west1/subnetworks/subnet-1",
            "stack_type": "IPV4_ONLY",
            "timeouts": null
          },
          "sensitive_attributes": [],
          "private": "eyJlMmJmYjczMC1lY2FhLTExZTYtOGY4OC0zNDM2M2JjN2M0YzAiOnsiY3JlYXRlIjoxMjAwMDAwMDAwMDAwLCJkZWxldGUiOjEyMDAwMDAwMDAwMDAsInVwZGF0ZSI6MTIwMDAwMDAwMDAwMH19",
          "dependencies": [
            "google_compute_network.vpc_network"
          ]
        }
      ]
    },
    {
      "mode": "managed",
      "type": "google_compute_subnetwork",
      "name": "subnet_2",
      "provider": "provider[\"registry.terraform.io/hashicorp/google\"]",
      "instances": [
        {
          "schema_version": 0,
          "attributes": {
            "creation_timestamp": "2023-08-10T11:32:28.594-07:00",
            "description": "",
            "external_ipv6_prefix": "",
            "fingerprint": null,
            "gateway_address": "10.0.2.1",
            "id": "projects/webapp-deploy-395414/regions/europe-west1/subnetworks/subnet-2",
            "ip_cidr_range": "10.0.2.0/24",
            "ipv6_access_type": "",
            "ipv6_cidr_range": "",
            "log_config": [],
            "name": "subnet-2",
            "network": "https://www.googleapis.com/compute/v1/projects/webapp-deploy-395414/global/networks/vpc-network",
            "private_ip_google_access": false,
            "private_ipv6_google_access": "DISABLE_GOOGLE_ACCESS",
            "project": "webapp-deploy-395414",
            "purpose": "PRIVATE",
            "region": "europe-west1",
            "role": "",
            "secondary_ip_range": [],
            "self_link": "https://www.googleapis.com/compute/v1/projects/webapp-deploy-395414/regions/europe-west1/subnetworks/subnet-2",
            "stack_type": "IPV4_ONLY",
            "timeouts": null
          },
          "sensitive_attributes": [],
          "private": "eyJlMmJmYjczMC1lY2FhLTExZTYtOGY4OC0zNDM2M2JjN2M0YzAiOnsiY3JlYXRlIjoxMjAwMDAwMDAwMDAwLCJkZWxldGUiOjEyMDAwMDAwMDAwMDAsInVwZGF0ZSI6MTIwMDAwMDAwMDAwMH19",
          "dependencies": [
            "google_compute_network.vpc_network"
          ]
        }
      ]
    },
    {
      "mode": "managed",
      "type": "google_compute_target_http_proxy",
      "name": "app_engine_proxy",
      "provider": "provider[\"registry.terraform.io/hashicorp/google\"]",
      "instances": [
        {
          "schema_version": 0,
          "attributes": {
            "creation_timestamp": "2023-08-10T11:32:21.884-07:00",
            "description": "",
            "http_keep_alive_timeout_sec": 0,
            "id": "projects/webapp-deploy-395414/global/targetHttpProxies/app-engine-proxy",
            "name": "app-engine-proxy",
            "project": "webapp-deploy-395414",
            "proxy_bind": false,
            "proxy_id": 5286783356396671962,
            "self_link": "https://www.googleapis.com/compute/v1/projects/webapp-deploy-395414/global/targetHttpProxies/app-engine-proxy",
            "timeouts": null,
            "url_map": "https://www.googleapis.com/compute/v1/projects/webapp-deploy-395414/global/urlMaps/app-engine-url-map"
          },
          "sensitive_attributes": [],
          "private": "eyJlMmJmYjczMC1lY2FhLTExZTYtOGY4OC0zNDM2M2JjN2M0YzAiOnsiY3JlYXRlIjoxMjAwMDAwMDAwMDAwLCJkZWxldGUiOjEyMDAwMDAwMDAwMDAsInVwZGF0ZSI6MTIwMDAwMDAwMDAwMH19",
          "dependencies": [
            "google_compute_backend_service.app_engine_backend_service",
            "google_compute_health_check.app_engine_health_check",
            "google_compute_url_map.app_engine_url_map"
          ]
        }
      ]
    },
    {
      "mode": "managed",
      "type": "google_compute_url_map",
      "name": "app_engine_url_map",
      "provider": "provider[\"registry.terraform.io/hashicorp/google\"]",
      "instances": [
        {
          "schema_version": 0,
          "attributes": {
            "creation_timestamp": "2023-08-10T11:32:10.326-07:00",
            "default_route_action": [],
            "default_service": "https://www.googleapis.com/compute/v1/projects/webapp-deploy-395414/global/backendServices/app-engine-backend-service",
            "default_url_redirect": [],
            "description": "",
            "fingerprint": "yM8ZCZL5v8c=",
            "header_action": [],
            "host_rule": [],
            "id": "projects/webapp-deploy-395414/global/urlMaps/app-engine-url-map",
            "map_id": 2847629763520533445,
            "name": "app-engine-url-map",
            "path_matcher": [],
            "project": "webapp-deploy-395414",
            "self_link": "https://www.googleapis.com/compute/v1/projects/webapp-deploy-395414/global/urlMaps/app-engine-url-map",
            "test": [],
            "timeouts": null
          },
          "sensitive_attributes": [],
          "private": "eyJlMmJmYjczMC1lY2FhLTExZTYtOGY4OC0zNDM2M2JjN2M0YzAiOnsiY3JlYXRlIjoxMjAwMDAwMDAwMDAwLCJkZWxldGUiOjEyMDAwMDAwMDAwMDAsInVwZGF0ZSI6MTIwMDAwMDAwMDAwMH19",
          "dependencies": [
            "google_compute_backend_service.app_engine_backend_service",
            "google_compute_health_check.app_engine_health_check"
          ]
        }
      ]
    },
    {
      "mode": "managed",
      "type": "google_container_cluster",
      "name": "gke_cluster",
      "provider": "provider[\"registry.terraform.io/hashicorp/google\"]",
      "instances": [
        {
          "schema_version": 1,
          "attributes": {
            "addons_config": [
              {
                "cloudrun_config": [],
                "config_connector_config": [],
                "dns_cache_config": [],
                "gce_persistent_disk_csi_driver_config": [
                  {
                    "enabled": true
                  }
                ],
                "gcp_filestore_csi_driver_config": [],
                "gcs_fuse_csi_driver_config": [],
                "gke_backup_agent_config": [],
                "horizontal_pod_autoscaling": [],
                "http_load_balancing": [],
                "network_policy_config": [
                  {
                    "disabled": true
                  }
                ]
              }
            ],
            "allow_net_admin": null,
            "authenticator_groups_config": [],
            "binary_authorization": [
              {
                "enabled": false,
                "evaluation_mode": ""
              }
            ],
            "cluster_autoscaling": [
              {
                "auto_provisioning_defaults": [],
                "enabled": false,
                "resource_limits": []
              }
            ],
            "cluster_ipv4_cidr": "10.0.0.0/14",
            "confidential_nodes": [],
            "cost_management_config": [],
            "database_encryption": [
              {
                "key_name": "",
                "state": "DECRYPTED"
              }
            ],
            "datapath_provider": "",
            "default_max_pods_per_node": null,
            "default_snat_status": [
              {
                "disabled": false
              }
            ],
            "description": "",
            "dns_config": [],
            "enable_autopilot": false,
            "enable_binary_authorization": false,
            "enable_intranode_visibility": false,
            "enable_k8s_beta_apis": [],
            "enable_kubernetes_alpha": false,
            "enable_l4_ilb_subsetting": false,
            "enable_legacy_abac": false,
            "enable_shielded_nodes": true,
            "enable_tpu": false,
            "endpoint": "34.79.230.1",
            "gateway_api_config": [],
            "id": "projects/webapp-deploy-395414/locations/europe-west1-b/clusters/my-gke-cluster",
            "initial_node_count": 3,
            "ip_allocation_policy": [],
            "label_fingerprint": "a9dc16a7",
            "location": "europe-west1-b",
            "logging_config": [
              {
                "enable_components": [
                  "SYSTEM_COMPONENTS",
                  "WORKLOADS"
                ]
              }
            ],
            "logging_service": "logging.googleapis.com/kubernetes",
            "maintenance_policy": [],
            "master_auth": [
              {
                "client_certificate": "",
                "client_certificate_config": [
                  {
                    "issue_client_certificate": false
                  }
                ],
                "client_key": "",
                "cluster_ca_certificate": "LS0tLS1CRUdJTiBDRVJUSUZJQ0FURS0tLS0tCk1JSUVMVENDQXBXZ0F3SUJBZ0lSQU5JdFRubmx5aVVyeWJNR2dTNUpadkl3RFFZSktvWklodmNOQVFFTEJRQXcKTHpFdE1Dc0dBMVVFQXhNa05qa3laakEwWXpZdFlUbGlPQzAwTVRFd0xUbGpPVGN0T1RVNFpqTmpPRFU1TUdRNApNQ0FYRFRJek1EZ3dPVEV6TWpnd04xb1lEekl3TlRNd09EQXhNVFF5T0RBM1dqQXZNUzB3S3dZRFZRUURFeVEyCk9USm1NRFJqTmkxaE9XSTRMVFF4TVRBdE9XTTVOeTA1TlRobU0yTTROVGt3WkRnd2dnR2lNQTBHQ1NxR1NJYjMKRFFFQkFRVUFBNElCandBd2dnR0tBb0lCZ1FDMkRqZEVZUmVVd2NwUE9YTTJBTWR2WVlpOG14ZVV0TWdHTnZORQpPRHV0d0VDVENTU0xJZ2JXaFVzZk1wRVhRTE1XalF3MzJMM3VIaDlBREg2ckRhYWcrYVU2YVIvcmdDWWl1K0dwClNtbS9ja0x6bVA5SnpmcHlJa3ozaWpQMmF1MkRTQjhDU3h1T3N4YkdOdVdHeWwzbTM0YUxMc2t1dG8zQ2hINGcKcGp5ZWhDMStYUmFoUmtVWXUvSlQ5NHdOQ0xFcnJuWmlMTGtpVGJDeTFaQVZ6UXExNVp4YW1leHZNTlFOaG1ocwpjd08xZkdiMnI4bXlCYlhVaWlJOUkzdkxQbkY2Q01Zb2phYkJVV0hpTWRyQW9FVm9yUXpIREZaZCthdWsyaTJYCnhuY3E3bHQvcEVXcFpoNHJTLzN2NDhNZElCUTBVQUJTWVM3b2NCMG54TWdEN3k2eFJPNlFnUlJNYXpPUGNXZkgKd3hSQjRkM2ZOWC9PaEpVakNzK2VyT1BrVkxVaCtOVVY5cWFQeXl3UXFzOUt2ZTdDbE1WYnVoZ2pNZWd5UTdNYgp6ckZqTElCRS81WWwyTHJtVnc4ZlMweEp2ZldObDZNRm92L2RVYnFtWUprc0NLU0RhWnRXSUdCdGZLNW9STmVZCkZLL0RKVGdCSzZFK0VQRzA0Q2lIQktieStKa0NBd0VBQWFOQ01FQXdEZ1lEVlIwUEFRSC9CQVFEQWdJRU1BOEcKQTFVZEV3RUIvd1FGTUFNQkFmOHdIUVlEVlIwT0JCWUVGREdyWXUyWG5rSVZ4ZEh1ZmNNam5jbUNrWjVFTUEwRwpDU3FHU0liM0RRRUJDd1VBQTRJQmdRQlFzb1QwRmdldWhSclBrT3I4eC9GUjZhNVQzWTBtU2xFV2ZVMzEwREJqCmNPajFjNTgzQ0RmZkh2Vkx0RXNGVzlTSHhxMUZQZmVsSHo5SE5BUEcrZG1ZZmZUYXFNTDB2RVZNR1pPd2oyUGsKYUI5TWtzM3hRVVliRXc4UDJkcjBIZ2k3cFk4bG51MzJnMnY0Slk3RURQYlZ5WUV3NVZ1UGNBeFBvdzRFVzRwNgpGZHBoMnFhUDFNRGlscWRjTGxXWkdrclhIRDBETnZCdTNtS1BqMmRCODU2eFZPMzV3R0l0OEtqVzdLNnFKV3RECjFBMGc3dFA1QXpXMnE0cytKUklMUHBiZFRpRnVDelR5ZHFWMU55OWgram1BUjFKL2N5Z2JnNkF0VjN1RTd0bnIKNEFnOVBNZG53T25OUXRkL1JXY2U0bU9vQXN1VnNWNldaQnhiZnoyKzM0a05BZ21BSktsTllzbTdiQXZ4NUE3eApkS3JBbkZZZWp4WlBuUE5YQkNxUVhZWEt0YVdUR1AxRUVWcnZqc3dPM2VVc1RkS3Ixd2xMMHpsMk1GU2NWR2FBCjNlQkRFN2s4d1gyLzNFdnZrSWphMkZoNVpkaFJjVGtxYW02QTVVUHJUK0UxNmkwcE5FWmpweVF3ZFE1NVhJa0QKQnQ4Y1Q1ZTh0OW9hNDhCQUxKTHhlOWM9Ci0tLS0tRU5EIENFUlRJRklDQVRFLS0tLS0K"
              }
            ],
            "master_authorized_networks_config": [],
            "master_version": "1.27.3-gke.100",
            "mesh_certificates": [],
            "min_master_version": null,
            "monitoring_config": [
              {
                "enable_components": [
                  "SYSTEM_COMPONENTS"
                ],
                "managed_prometheus": [
                  {
                    "enabled": true
                  }
                ]
              }
            ],
            "monitoring_service": "monitoring.googleapis.com/kubernetes",
            "name": "my-gke-cluster",
            "network": "projects/webapp-deploy-395414/global/networks/default",
            "network_policy": [
              {
                "enabled": false,
                "provider": "PROVIDER_UNSPECIFIED"
              }
            ],
            "networking_mode": "ROUTES",
            "node_config": [
              {
                "advanced_machine_features": [],
                "boot_disk_kms_key": "",
                "disk_size_gb": 100,
                "disk_type": "pd-balanced",
                "ephemeral_storage_local_ssd_config": [],
                "gcfs_config": [],
                "guest_accelerator": [],
                "gvnic": [],
                "host_maintenance_policy": [],
                "image_type": "COS_CONTAINERD",
                "kubelet_config": [],
                "labels": {},
                "linux_node_config": [],
                "local_nvme_ssd_block_config": [],
                "local_ssd_count": 0,
                "logging_variant": "DEFAULT",
                "machine_type": "e2-medium",
                "metadata": {
                  "disable-legacy-endpoints": "true"
                },
                "min_cpu_platform": "",
                "node_group": "",
                "oauth_scopes": [
                  "https://www.googleapis.com/auth/devstorage.read_only",
                  "https://www.googleapis.com/auth/logging.write",
                  "https://www.googleapis.com/auth/monitoring",
                  "https://www.googleapis.com/auth/service.management.readonly",
                  "https://www.googleapis.com/auth/servicecontrol",
                  "https://www.googleapis.com/auth/trace.append"
                ],
                "preemptible": false,
                "reservation_affinity": [],
                "resource_labels": {},
                "service_account": "default",
                "shielded_instance_config": [
                  {
                    "enable_integrity_monitoring": true,
                    "enable_secure_boot": false
                  }
                ],
                "sole_tenant_config": [],
                "spot": false,
                "tags": [],
                "taint": [],
                "workload_metadata_config": []
              }
            ],
            "node_locations": [],
            "node_pool": [
              {
                "autoscaling": [],
                "initial_node_count": 3,
                "instance_group_urls": [
                  "https://www.googleapis.com/compute/v1/projects/webapp-deploy-395414/zones/europe-west1-b/instanceGroupManagers/gke-my-gke-cluster-default-pool-76cdb256-grp"
                ],
                "managed_instance_group_urls": [
                  "https://www.googleapis.com/compute/v1/projects/webapp-deploy-395414/zones/europe-west1-b/instanceGroups/gke-my-gke-cluster-default-pool-76cdb256-grp"
                ],
                "management": [
                  {
                    "auto_repair": true,
                    "auto_upgrade": true
                  }
                ],
                "max_pods_per_node": 0,
                "name": "default-pool",
                "name_prefix": "",
                "network_config": [
                  {
                    "create_pod_range": false,
                    "enable_private_nodes": false,
                    "pod_cidr_overprovision_config": [],
                    "pod_ipv4_cidr_block": "",
                    "pod_range": ""
                  }
                ],
                "node_config": [
                  {
                    "advanced_machine_features": [],
                    "boot_disk_kms_key": "",
                    "disk_size_gb": 100,
                    "disk_type": "pd-balanced",
                    "ephemeral_storage_local_ssd_config": [],
                    "gcfs_config": [],
                    "guest_accelerator": [],
                    "gvnic": [],
                    "host_maintenance_policy": [],
                    "image_type": "COS_CONTAINERD",
                    "kubelet_config": [],
                    "labels": {},
                    "linux_node_config": [],
                    "local_nvme_ssd_block_config": [],
                    "local_ssd_count": 0,
                    "logging_variant": "DEFAULT",
                    "machine_type": "e2-medium",
                    "metadata": {
                      "disable-legacy-endpoints": "true"
                    },
                    "min_cpu_platform": "",
                    "node_group": "",
                    "oauth_scopes": [
                      "https://www.googleapis.com/auth/devstorage.read_only",
                      "https://www.googleapis.com/auth/logging.write",
                      "https://www.googleapis.com/auth/monitoring",
                      "https://www.googleapis.com/auth/service.management.readonly",
                      "https://www.googleapis.com/auth/servicecontrol",
                      "https://www.googleapis.com/auth/trace.append"
                    ],
                    "preemptible": false,
                    "reservation_affinity": [],
                    "resource_labels": {},
                    "service_account": "default",
                    "shielded_instance_config": [
                      {
                        "enable_integrity_monitoring": true,
                        "enable_secure_boot": false
                      }
                    ],
                    "sole_tenant_config": [],
                    "spot": false,
                    "tags": [],
                    "taint": [],
                    "workload_metadata_config": []
                  }
                ],
                "node_count": 3,
                "node_locations": [
                  "europe-west1-b"
                ],
                "placement_policy": [],
                "upgrade_settings": [
                  {
                    "blue_green_settings": [],
                    "max_surge": 1,
                    "max_unavailable": 0,
                    "strategy": "SURGE"
                  }
                ],
                "version": "1.27.3-gke.100"
              }
            ],
            "node_pool_defaults": [
              {
                "node_config_defaults": [
                  {
                    "logging_variant": "DEFAULT"
                  }
                ]
              }
            ],
            "node_version": "1.27.3-gke.100",
            "notification_config": [
              {
                "pubsub": [
                  {
                    "enabled": false,
                    "filter": [],
                    "topic": ""
                  }
                ]
              }
            ],
            "operation": null,
            "private_cluster_config": [
              {
                "enable_private_endpoint": false,
                "enable_private_nodes": false,
                "master_global_access_config": [
                  {
                    "enabled": false
                  }
                ],
                "master_ipv4_cidr_block": "",
                "peering_name": "",
                "private_endpoint": "10.132.0.2",
                "private_endpoint_subnetwork": "",
                "public_endpoint": "34.79.230.1"
              }
            ],
            "private_ipv6_google_access": "",
            "project": "webapp-deploy-395414",
            "release_channel": [
              {
                "channel": "REGULAR"
              }
            ],
            "remove_default_node_pool": null,
            "resource_labels": {},
            "resource_usage_export_config": [],
            "security_posture_config": [
              {
                "mode": "MODE_UNSPECIFIED",
                "vulnerability_mode": "VULNERABILITY_MODE_UNSPECIFIED"
              }
            ],
            "self_link": "https://container.googleapis.com/v1/projects/webapp-deploy-395414/zones/europe-west1-b/clusters/my-gke-cluster",
            "service_external_ips_config": [
              {
                "enabled": false
              }
            ],
            "services_ipv4_cidr": "10.3.240.0/20",
            "subnetwork": "projects/webapp-deploy-395414/regions/europe-west1/subnetworks/default",
            "timeouts": null,
            "tpu_ipv4_cidr_block": "",
            "vertical_pod_autoscaling": [],
            "workload_identity_config": []
          },
          "sensitive_attributes": [],
          "private": "eyJlMmJmYjczMC1lY2FhLTExZTYtOGY4OC0zNDM2M2JjN2M0YzAiOnsiY3JlYXRlIjoyNDAwMDAwMDAwMDAwLCJkZWxldGUiOjI0MDAwMDAwMDAwMDAsInJlYWQiOjI0MDAwMDAwMDAwMDAsInVwZGF0ZSI6MzYwMDAwMDAwMDAwMH0sInNjaGVtYV92ZXJzaW9uIjoiMSJ9"
        }
      ]
    },
    {
      "mode": "managed",
      "type": "google_sql_database_instance",
      "name": "my_db_instance",
      "provider": "provider[\"registry.terraform.io/hashicorp/google\"]",
      "instances": [
        {
          "schema_version": 0,
          "attributes": {
            "available_maintenance_versions": [],
            "clone": [],
            "connection_name": "webapp-deploy-395414:europe-west1:my-database-instance",
            "database_version": "MYSQL_8_0",
            "deletion_protection": true,
            "encryption_key_name": null,
            "first_ip_address": "34.78.236.209",
            "id": "my-database-instance",
            "instance_type": "CLOUD_SQL_INSTANCE",
            "ip_address": [
              {
                "ip_address": "34.78.236.209",
                "time_to_retire": "",
                "type": "PRIMARY"
              }
            ],
            "maintenance_version": "MYSQL_8_0_31.R20230624.00_05",
            "master_instance_name": "",
            "name": "my-database-instance",
            "private_ip_address": "",
            "project": "webapp-deploy-395414",
            "public_ip_address": "34.78.236.209",
            "region": "europe-west1",
            "replica_configuration": [],
            "restore_backup_context": [],
            "root_password": null,
            "self_link": "https://sqladmin.googleapis.com/sql/v1beta4/projects/webapp-deploy-395414/instances/my-database-instance",
            "server_ca_cert": [
              {
                "cert": "-----BEGIN CERTIFICATE-----\nMIIDfzCCAmegAwIBAgIBADANBgkqhkiG9w0BAQsFADB3MS0wKwYDVQQuEyRjNzZi\nNDE3OS0yODI0LTQ0NjYtYWZkOC1jZWI1ZDg4OTJjNWUxIzAhBgNVBAMTGkdvb2ds\nZSBDbG91ZCBTUUwgU2VydmVyIENBMRQwEgYDVQQKEwtHb29nbGUsIEluYzELMAkG\nA1UEBhMCVVMwHhcNMjMwODA5MTQ0NzM2WhcNMzMwODA2MTQ0ODM2WjB3MS0wKwYD\nVQQuEyRjNzZiNDE3OS0yODI0LTQ0NjYtYWZkOC1jZWI1ZDg4OTJjNWUxIzAhBgNV\nBAMTGkdvb2dsZSBDbG91ZCBTUUwgU2VydmVyIENBMRQwEgYDVQQKEwtHb29nbGUs\nIEluYzELMAkGA1UEBhMCVVMwggEiMA0GCSqGSIb3DQEBAQUAA4IBDwAwggEKAoIB\nAQCpDGFSNmGAQUjvTOQm30uLjtXcvZGdc/WbDQ3G0f7jRu0MdAe/HnTieCIQSo0G\nT4Di2r9Yp/1IfAuw1g9aj+5SXZThxXBimTUX4x+PUmwW59bzR/kwNnOv6aGPJpcK\n6NPmnOgYJw4fvwPx91uENzTmVEEfQHsMAmwQHjcBOLtHUhRgkabogeYvZ2QcwhyE\nN8yp/RaD4nPYVmEnTILt2lsnok/CjLo64dj5c7FbfBgNANzYiP9b2edjhcU2nNRR\nUCWSCgH2ObAdqzlniSUkRSz6VBxp/A2/U2+JoQiDm+x1bS+Ld2w2BIsF4NZv1EnY\n0n5DMS83AxKtcDNtWnWkk+oPAgMBAAGjFjAUMBIGA1UdEwEB/wQIMAYBAf8CAQAw\nDQYJKoZIhvcNAQELBQADggEBAB3DL4AHK5/K23kUW5LSteN0gZ8BclAKu2dWLfrV\nVw5tqc7vWJtVBLlxvtzNsN/ugqqj9YiwsjZ2zAHXOQ+N2rpzxc2Bv/mDO5Tjzkqe\ndhIbnOnPu/EdpCvleJv1c6Vk8Ds/GldZqIvQpxnuMLhXZfEF1wpDu14wR8Vxe30n\nm69XWKTqJU3SayBiiMUhHLNsYB+A1uaSnzwZbKPUNBHQs5dsdDP68a9ckGaH/xHo\nbmyUHjjP01wZDLdlap2fZ21zC2AvPxDovOXASi7QHzyZCRh4RHIbLVgBcTQTcYhN\ni/0lTOa2hlAkCkbLr+7+DhD2WtO9OMBksVxoL6subVplRDQ=\n-----END CERTIFICATE-----",
                "common_name": "C=US,O=Google\\, Inc,CN=Google Cloud SQL Server CA,dnQualifier=c76b4179-2824-4466-afd8-ceb5d8892c5e",
                "create_time": "2023-08-09T14:47:36.861Z",
                "expiration_time": "2033-08-06T14:48:36.861Z",
                "sha1_fingerprint": "0373b8b8f1a0ee0731944b733b63f31b3bc69f43"
              }
            ],
            "service_account_email_address": "p847595498449-3311in@gcp-sa-cloud-sql.iam.gserviceaccount.com",
            "settings": [
              {
                "activation_policy": "ALWAYS",
                "active_directory_config": [],
                "advanced_machine_features": [],
                "availability_type": "ZONAL",
                "backup_configuration": [
                  {
                    "backup_retention_settings": [
                      {
                        "retained_backups": 7,
                        "retention_unit": "COUNT"
                      }
                    ],
                    "binary_log_enabled": false,
                    "enabled": true,
                    "location": "",
                    "point_in_time_recovery_enabled": false,
                    "start_time": "01:00",
                    "transaction_log_retention_days": 7
                  }
                ],
                "collation": "",
                "connector_enforcement": "NOT_REQUIRED",
                "data_cache_config": [],
                "database_flags": [],
                "deletion_protection_enabled": false,
                "deny_maintenance_period": [],
                "disk_autoresize": true,
                "disk_autoresize_limit": 0,
                "disk_size": 10,
                "disk_type": "PD_SSD",
                "edition": "",
                "insights_config": [],
                "ip_configuration": [
                  {
                    "allocated_ip_range": "",
                    "authorized_networks": [],
                    "enable_private_path_for_google_cloud_services": false,
                    "ipv4_enabled": true,
                    "private_network": "",
                    "require_ssl": false
                  }
                ],
                "location_preference": [
                  {
                    "follow_gae_application": "",
                    "secondary_zone": "",
                    "zone": "europe-west1-b"
                  }
                ],
                "maintenance_window": [],
                "password_validation_policy": [],
                "pricing_plan": "PER_USE",
                "sql_server_audit_config": [],
                "tier": "db-f1-micro",
                "time_zone": "",
                "user_labels": {},
                "version": 2
              }
            ],
            "timeouts": null
          },
          "sensitive_attributes": [],
          "private": "eyJlMmJmYjczMC1lY2FhLTExZTYtOGY4OC0zNDM2M2JjN2M0YzAiOnsiY3JlYXRlIjoyNDAwMDAwMDAwMDAwLCJkZWxldGUiOjE4MDAwMDAwMDAwMDAsInVwZGF0ZSI6MTgwMDAwMDAwMDAwMH19"
        }
      ]
    }
  ],
  "check_results": null
}
