{
  "version": 4,
  "terraform_version": "1.5.4",
  "serial": 3,
  "lineage": "a9a7e28d-8784-661a-ca08-5295e35d628b",
  "outputs": {},
  "resources": [
    {
      "mode": "managed",
      "type": "google_container_cluster",
      "name": "gke_cluster",
      "provider": "provider[\"registry.terraform.io/hashicorp/google\"]",
      "instances": [
        {
          "schema_version": 1,
          "attributes": {
            "addons_config": [
              {
                "cloudrun_config": [],
                "config_connector_config": [],
                "dns_cache_config": [],
                "gce_persistent_disk_csi_driver_config": [
                  {
                    "enabled": true
                  }
                ],
                "gcp_filestore_csi_driver_config": [],
                "gcs_fuse_csi_driver_config": [],
                "gke_backup_agent_config": [],
                "horizontal_pod_autoscaling": [],
                "http_load_balancing": [],
                "network_policy_config": [
                  {
                    "disabled": true
                  }
                ]
              }
            ],
            "allow_net_admin": null,
            "authenticator_groups_config": [],
            "binary_authorization": [
              {
                "enabled": false,
                "evaluation_mode": ""
              }
            ],
            "cluster_autoscaling": [
              {
                "auto_provisioning_defaults": [],
                "enabled": false,
                "resource_limits": []
              }
            ],
            "cluster_ipv4_cidr": "10.0.0.0/14",
            "confidential_nodes": [],
            "cost_management_config": [],
            "database_encryption": [
              {
                "key_name": "",
                "state": "DECRYPTED"
              }
            ],
            "datapath_provider": "",
            "default_max_pods_per_node": null,
            "default_snat_status": [
              {
                "disabled": false
              }
            ],
            "description": "",
            "dns_config": [],
            "enable_autopilot": false,
            "enable_binary_authorization": false,
            "enable_intranode_visibility": false,
            "enable_k8s_beta_apis": [],
            "enable_kubernetes_alpha": false,
            "enable_l4_ilb_subsetting": false,
            "enable_legacy_abac": false,
            "enable_shielded_nodes": true,
            "enable_tpu": false,
            "endpoint": "34.79.230.1",
            "gateway_api_config": [],
            "id": "projects/webapp-deploy-395414/locations/europe-west1-b/clusters/my-gke-cluster",
            "initial_node_count": 3,
            "ip_allocation_policy": [],
            "label_fingerprint": "a9dc16a7",
            "location": "europe-west1-b",
            "logging_config": [
              {
                "enable_components": [
                  "SYSTEM_COMPONENTS",
                  "WORKLOADS"
                ]
              }
            ],
            "logging_service": "logging.googleapis.com/kubernetes",
            "maintenance_policy": [],
            "master_auth": [
              {
                "client_certificate": "",
                "client_certificate_config": [
                  {
                    "issue_client_certificate": false
                  }
                ],
                "client_key": "",
                "cluster_ca_certificate": "LS0tLS1CRUdJTiBDRVJUSUZJQ0FURS0tLS0tCk1JSUVMVENDQXBXZ0F3SUJBZ0lSQU5JdFRubmx5aVVyeWJNR2dTNUpadkl3RFFZSktvWklodmNOQVFFTEJRQXcKTHpFdE1Dc0dBMVVFQXhNa05qa3laakEwWXpZdFlUbGlPQzAwTVRFd0xUbGpPVGN0T1RVNFpqTmpPRFU1TUdRNApNQ0FYRFRJek1EZ3dPVEV6TWpnd04xb1lEekl3TlRNd09EQXhNVFF5T0RBM1dqQXZNUzB3S3dZRFZRUURFeVEyCk9USm1NRFJqTmkxaE9XSTRMVFF4TVRBdE9XTTVOeTA1TlRobU0yTTROVGt3WkRnd2dnR2lNQTBHQ1NxR1NJYjMKRFFFQkFRVUFBNElCandBd2dnR0tBb0lCZ1FDMkRqZEVZUmVVd2NwUE9YTTJBTWR2WVlpOG14ZVV0TWdHTnZORQpPRHV0d0VDVENTU0xJZ2JXaFVzZk1wRVhRTE1XalF3MzJMM3VIaDlBREg2ckRhYWcrYVU2YVIvcmdDWWl1K0dwClNtbS9ja0x6bVA5SnpmcHlJa3ozaWpQMmF1MkRTQjhDU3h1T3N4YkdOdVdHeWwzbTM0YUxMc2t1dG8zQ2hINGcKcGp5ZWhDMStYUmFoUmtVWXUvSlQ5NHdOQ0xFcnJuWmlMTGtpVGJDeTFaQVZ6UXExNVp4YW1leHZNTlFOaG1ocwpjd08xZkdiMnI4bXlCYlhVaWlJOUkzdkxQbkY2Q01Zb2phYkJVV0hpTWRyQW9FVm9yUXpIREZaZCthdWsyaTJYCnhuY3E3bHQvcEVXcFpoNHJTLzN2NDhNZElCUTBVQUJTWVM3b2NCMG54TWdEN3k2eFJPNlFnUlJNYXpPUGNXZkgKd3hSQjRkM2ZOWC9PaEpVakNzK2VyT1BrVkxVaCtOVVY5cWFQeXl3UXFzOUt2ZTdDbE1WYnVoZ2pNZWd5UTdNYgp6ckZqTElCRS81WWwyTHJtVnc4ZlMweEp2ZldObDZNRm92L2RVYnFtWUprc0NLU0RhWnRXSUdCdGZLNW9STmVZCkZLL0RKVGdCSzZFK0VQRzA0Q2lIQktieStKa0NBd0VBQWFOQ01FQXdEZ1lEVlIwUEFRSC9CQVFEQWdJRU1BOEcKQTFVZEV3RUIvd1FGTUFNQkFmOHdIUVlEVlIwT0JCWUVGREdyWXUyWG5rSVZ4ZEh1ZmNNam5jbUNrWjVFTUEwRwpDU3FHU0liM0RRRUJDd1VBQTRJQmdRQlFzb1QwRmdldWhSclBrT3I4eC9GUjZhNVQzWTBtU2xFV2ZVMzEwREJqCmNPajFjNTgzQ0RmZkh2Vkx0RXNGVzlTSHhxMUZQZmVsSHo5SE5BUEcrZG1ZZmZUYXFNTDB2RVZNR1pPd2oyUGsKYUI5TWtzM3hRVVliRXc4UDJkcjBIZ2k3cFk4bG51MzJnMnY0Slk3RURQYlZ5WUV3NVZ1UGNBeFBvdzRFVzRwNgpGZHBoMnFhUDFNRGlscWRjTGxXWkdrclhIRDBETnZCdTNtS1BqMmRCODU2eFZPMzV3R0l0OEtqVzdLNnFKV3RECjFBMGc3dFA1QXpXMnE0cytKUklMUHBiZFRpRnVDelR5ZHFWMU55OWgram1BUjFKL2N5Z2JnNkF0VjN1RTd0bnIKNEFnOVBNZG53T25OUXRkL1JXY2U0bU9vQXN1VnNWNldaQnhiZnoyKzM0a05BZ21BSktsTllzbTdiQXZ4NUE3eApkS3JBbkZZZWp4WlBuUE5YQkNxUVhZWEt0YVdUR1AxRUVWcnZqc3dPM2VVc1RkS3Ixd2xMMHpsMk1GU2NWR2FBCjNlQkRFN2s4d1gyLzNFdnZrSWphMkZoNVpkaFJjVGtxYW02QTVVUHJUK0UxNmkwcE5FWmpweVF3ZFE1NVhJa0QKQnQ4Y1Q1ZTh0OW9hNDhCQUxKTHhlOWM9Ci0tLS0tRU5EIENFUlRJRklDQVRFLS0tLS0K"
              }
            ],
            "master_authorized_networks_config": [],
            "master_version": "1.27.3-gke.100",
            "mesh_certificates": [],
            "min_master_version": null,
            "monitoring_config": [
              {
                "enable_components": [
                  "SYSTEM_COMPONENTS"
                ],
                "managed_prometheus": [
                  {
                    "enabled": true
                  }
                ]
              }
            ],
            "monitoring_service": "monitoring.googleapis.com/kubernetes",
            "name": "my-gke-cluster",
            "network": "projects/webapp-deploy-395414/global/networks/default",
            "network_policy": [
              {
                "enabled": false,
                "provider": "PROVIDER_UNSPECIFIED"
              }
            ],
            "networking_mode": "ROUTES",
            "node_config": [
              {
                "advanced_machine_features": [],
                "boot_disk_kms_key": "",
                "disk_size_gb": 100,
                "disk_type": "pd-balanced",
                "ephemeral_storage_local_ssd_config": [],
                "gcfs_config": [],
                "guest_accelerator": [],
                "gvnic": [],
                "host_maintenance_policy": [],
                "image_type": "COS_CONTAINERD",
                "kubelet_config": [],
                "labels": {},
                "linux_node_config": [],
                "local_nvme_ssd_block_config": [],
                "local_ssd_count": 0,
                "logging_variant": "DEFAULT",
                "machine_type": "e2-medium",
                "metadata": {
                  "disable-legacy-endpoints": "true"
                },
                "min_cpu_platform": "",
                "node_group": "",
                "oauth_scopes": [
                  "https://www.googleapis.com/auth/devstorage.read_only",
                  "https://www.googleapis.com/auth/logging.write",
                  "https://www.googleapis.com/auth/monitoring",
                  "https://www.googleapis.com/auth/service.management.readonly",
                  "https://www.googleapis.com/auth/servicecontrol",
                  "https://www.googleapis.com/auth/trace.append"
                ],
                "preemptible": false,
                "reservation_affinity": [],
                "resource_labels": {},
                "service_account": "default",
                "shielded_instance_config": [
                  {
                    "enable_integrity_monitoring": true,
                    "enable_secure_boot": false
                  }
                ],
                "sole_tenant_config": [],
                "spot": false,
                "tags": [],
                "taint": [],
                "workload_metadata_config": []
              }
            ],
            "node_locations": [],
            "node_pool": [
              {
                "autoscaling": [],
                "initial_node_count": 3,
                "instance_group_urls": [
                  "https://www.googleapis.com/compute/v1/projects/webapp-deploy-395414/zones/europe-west1-b/instanceGroupManagers/gke-my-gke-cluster-default-pool-76cdb256-grp"
                ],
                "managed_instance_group_urls": [
                  "https://www.googleapis.com/compute/v1/projects/webapp-deploy-395414/zones/europe-west1-b/instanceGroups/gke-my-gke-cluster-default-pool-76cdb256-grp"
                ],
                "management": [
                  {
                    "auto_repair": true,
                    "auto_upgrade": true
                  }
                ],
                "max_pods_per_node": 0,
                "name": "default-pool",
                "name_prefix": "",
                "network_config": [
                  {
                    "create_pod_range": false,
                    "enable_private_nodes": false,
                    "pod_cidr_overprovision_config": [],
                    "pod_ipv4_cidr_block": "",
                    "pod_range": ""
                  }
                ],
                "node_config": [
                  {
                    "advanced_machine_features": [],
                    "boot_disk_kms_key": "",
                    "disk_size_gb": 100,
                    "disk_type": "pd-balanced",
                    "ephemeral_storage_local_ssd_config": [],
                    "gcfs_config": [],
                    "guest_accelerator": [],
                    "gvnic": [],
                    "host_maintenance_policy": [],
                    "image_type": "COS_CONTAINERD",
                    "kubelet_config": [],
                    "labels": {},
                    "linux_node_config": [],
                    "local_nvme_ssd_block_config": [],
                    "local_ssd_count": 0,
                    "logging_variant": "DEFAULT",
                    "machine_type": "e2-medium",
                    "metadata": {
                      "disable-legacy-endpoints": "true"
                    },
                    "min_cpu_platform": "",
                    "node_group": "",
                    "oauth_scopes": [
                      "https://www.googleapis.com/auth/devstorage.read_only",
                      "https://www.googleapis.com/auth/logging.write",
                      "https://www.googleapis.com/auth/monitoring",
                      "https://www.googleapis.com/auth/service.management.readonly",
                      "https://www.googleapis.com/auth/servicecontrol",
                      "https://www.googleapis.com/auth/trace.append"
                    ],
                    "preemptible": false,
                    "reservation_affinity": [],
                    "resource_labels": {},
                    "service_account": "default",
                    "shielded_instance_config": [
                      {
                        "enable_integrity_monitoring": true,
                        "enable_secure_boot": false
                      }
                    ],
                    "sole_tenant_config": [],
                    "spot": false,
                    "tags": [],
                    "taint": [],
                    "workload_metadata_config": []
                  }
                ],
                "node_count": 3,
                "node_locations": [
                  "europe-west1-b"
                ],
                "placement_policy": [],
                "upgrade_settings": [
                  {
                    "blue_green_settings": [],
                    "max_surge": 1,
                    "max_unavailable": 0,
                    "strategy": "SURGE"
                  }
                ],
                "version": "1.27.3-gke.100"
              }
            ],
            "node_pool_defaults": [
              {
                "node_config_defaults": [
                  {
                    "logging_variant": "DEFAULT"
                  }
                ]
              }
            ],
            "node_version": "1.27.3-gke.100",
            "notification_config": [
              {
                "pubsub": [
                  {
                    "enabled": false,
                    "filter": [],
                    "topic": ""
                  }
                ]
              }
            ],
            "operation": null,
            "private_cluster_config": [
              {
                "enable_private_endpoint": false,
                "enable_private_nodes": false,
                "master_global_access_config": [
                  {
                    "enabled": false
                  }
                ],
                "master_ipv4_cidr_block": "",
                "peering_name": "",
                "private_endpoint": "10.132.0.2",
                "private_endpoint_subnetwork": "",
                "public_endpoint": "34.79.230.1"
              }
            ],
            "private_ipv6_google_access": "",
            "project": "webapp-deploy-395414",
            "release_channel": [
              {
                "channel": "REGULAR"
              }
            ],
            "remove_default_node_pool": null,
            "resource_labels": null,
            "resource_usage_export_config": [],
            "security_posture_config": [
              {
                "mode": "MODE_UNSPECIFIED",
                "vulnerability_mode": "VULNERABILITY_MODE_UNSPECIFIED"
              }
            ],
            "self_link": "https://container.googleapis.com/v1/projects/webapp-deploy-395414/zones/europe-west1-b/clusters/my-gke-cluster",
            "service_external_ips_config": [
              {
                "enabled": false
              }
            ],
            "services_ipv4_cidr": "10.3.240.0/20",
            "subnetwork": "projects/webapp-deploy-395414/regions/europe-west1/subnetworks/default",
            "timeouts": null,
            "tpu_ipv4_cidr_block": "",
            "vertical_pod_autoscaling": [],
            "workload_identity_config": []
          },
          "sensitive_attributes": [],
          "private": "eyJlMmJmYjczMC1lY2FhLTExZTYtOGY4OC0zNDM2M2JjN2M0YzAiOnsiY3JlYXRlIjoyNDAwMDAwMDAwMDAwLCJkZWxldGUiOjI0MDAwMDAwMDAwMDAsInJlYWQiOjI0MDAwMDAwMDAwMDAsInVwZGF0ZSI6MzYwMDAwMDAwMDAwMH0sInNjaGVtYV92ZXJzaW9uIjoiMSJ9"
        }
      ]
    }
  ],
  "check_results": null
}
